
Microsoft Visual Studio Solution File, Format Version 11.00
# Visual Studio 2010
Project("{FAE04EC0-301F-11D3-BF4B-00C04F79EFBC}") = "Road.Flash", "Road.Flash.csproj", "{0718EC51-72B2-42B9-A1E3-C18790C9781A}"
EndProject
Global
	GlobalSection(SolutionConfigurationPlatforms) = preSolution
		Debug|Any CPU = Debug|Any CPU
		Release|Any CPU = Release|Any CPU
	EndGlobalSection
	GlobalSection(ProjectConfigurationPlatforms) = postSolution
		{0718EC51-72B2-42B9-A1E3-C18790C9781A}.Debug|Any CPU.ActiveCfg = Debug|Any CPU
		{0718EC51-72B2-42B9-A1E3-C18790C9781A}.Debug|Any CPU.Build.0 = Debug|Any CPU
		{0718EC51-72B2-42B9-A1E3-C18790C9781A}.Release|Any CPU.ActiveCfg = Release|Any CPU
		{0718EC51-72B2-42B9-A1E3-C18790C9781A}.Release|Any CPU.Build.0 = Release|Any CPU
	EndGlobalSection
	GlobalSection(SolutionProperties) = preSolution
		HideSolutionNode = FALSE
	EndGlobalSection
EndGlobal
