
Microsoft Visual Studio Solution File, Format Version 12.00
# Visual Studio Version 16
VisualStudioVersion = 16.0.31205.134
MinimumVisualStudioVersion = 10.0.40219.1
Project("{9A19103F-16F7-4668-BE54-9A1E7A4F7556}") = "Gun321.Client", "Gun321.Client.csproj", "{C80FE21F-C585-44D6-9BB9-3BD395EE8E46}"
EndProject
Global
	GlobalSection(SolutionConfigurationPlatforms) = preSolution
		Debug|Any CPU = Debug|Any CPU
		Release|Any CPU = Release|Any CPU
	EndGlobalSection
	GlobalSection(ProjectConfigurationPlatforms) = postSolution
		{C80FE21F-C585-44D6-9BB9-3BD395EE8E46}.Debug|Any CPU.ActiveCfg = Debug|Any CPU
		{C80FE21F-C585-44D6-9BB9-3BD395EE8E46}.Debug|Any CPU.Build.0 = Debug|Any CPU
		{C80FE21F-C585-44D6-9BB9-3BD395EE8E46}.Release|Any CPU.ActiveCfg = Release|Any CPU
		{C80FE21F-C585-44D6-9BB9-3BD395EE8E46}.Release|Any CPU.Build.0 = Release|Any CPU
	EndGlobalSection
	GlobalSection(SolutionProperties) = preSolution
		HideSolutionNode = FALSE
	EndGlobalSection
	GlobalSection(ExtensibilityGlobals) = postSolution
		SolutionGuid = {BEA0630B-3340-41B4-BA0D-3E8B7DE0F795}
	EndGlobalSection
EndGlobal
