
Microsoft Visual Studio Solution File, Format Version 12.00
# Visual Studio Version 16
VisualStudioVersion = 16.0.31205.134
MinimumVisualStudioVersion = 10.0.40219.1
Project("{FAE04EC0-301F-11D3-BF4B-00C04F79EFBC}") = "Tank.Flash.Single", "Tank.Flash.Single.csproj", "{92724C93-882B-4EDB-9550-A3572F2699F7}"
EndProject
Global
	GlobalSection(SolutionConfigurationPlatforms) = preSolution
		Debug|Any CPU = Debug|Any CPU
		Release|Any CPU = Release|Any CPU
	EndGlobalSection
	GlobalSection(ProjectConfigurationPlatforms) = postSolution
		{92724C93-882B-4EDB-9550-A3572F2699F7}.Debug|Any CPU.ActiveCfg = Debug|Any CPU
		{92724C93-882B-4EDB-9550-A3572F2699F7}.Debug|Any CPU.Build.0 = Debug|Any CPU
		{92724C93-882B-4EDB-9550-A3572F2699F7}.Release|Any CPU.ActiveCfg = Release|Any CPU
		{92724C93-882B-4EDB-9550-A3572F2699F7}.Release|Any CPU.Build.0 = Release|Any CPU
	EndGlobalSection
	GlobalSection(SolutionProperties) = preSolution
		HideSolutionNode = FALSE
	EndGlobalSection
	GlobalSection(ExtensibilityGlobals) = postSolution
		SolutionGuid = {A154AFBE-921A-4470-BDC7-C6FCF963A829}
	EndGlobalSection
EndGlobal
